
Microsoft Visual Studio Solution File, Format Version 12.00
# Visual Studio Version 16
VisualStudioVersion = 16.0.30717.126
MinimumVisualStudioVersion = 10.0.40219.1
Project("{FAE04EC0-301F-11D3-BF4B-00C04F79EFBC}") = "matematyka", "matematyka\matematyka.csproj", "{D9DF2C1E-A18F-4520-B711-A8375C82F45F}"
EndProject
Global
	GlobalSection(SolutionConfigurationPlatforms) = preSolution
		Debug|Any CPU = Debug|Any CPU
		Release|Any CPU = Release|Any CPU
	EndGlobalSection
	GlobalSection(ProjectConfigurationPlatforms) = postSolution
		{D9DF2C1E-A18F-4520-B711-A8375C82F45F}.Debug|Any CPU.ActiveCfg = Debug|Any CPU
		{D9DF2C1E-A18F-4520-B711-A8375C82F45F}.Debug|Any CPU.Build.0 = Debug|Any CPU
		{D9DF2C1E-A18F-4520-B711-A8375C82F45F}.Release|Any CPU.ActiveCfg = Release|Any CPU
		{D9DF2C1E-A18F-4520-B711-A8375C82F45F}.Release|Any CPU.Build.0 = Release|Any CPU
	EndGlobalSection
	GlobalSection(SolutionProperties) = preSolution
		HideSolutionNode = FALSE
	EndGlobalSection
	GlobalSection(ExtensibilityGlobals) = postSolution
		SolutionGuid = {83115BE7-E08C-4650-930E-FFBBE8688B5D}
	EndGlobalSection
EndGlobal
